
Microsoft Visual Studio Solution File, Format Version 11.00
# Visual Basic Express 2010
Project("{F184B08F-C81C-45F6-A57F-5ABD9991F28F}") = "proyecto precalculo", "proyecto precalculo.vbproj", "{7B6FD22A-AEAC-4D53-BD9B-B102968E3ADD}"
EndProject
Global
	GlobalSection(SolutionConfigurationPlatforms) = preSolution
		Debug|x86 = Debug|x86
		Release|x86 = Release|x86
	EndGlobalSection
	GlobalSection(ProjectConfigurationPlatforms) = postSolution
		{7B6FD22A-AEAC-4D53-BD9B-B102968E3ADD}.Debug|x86.ActiveCfg = Debug|x86
		{7B6FD22A-AEAC-4D53-BD9B-B102968E3ADD}.Debug|x86.Build.0 = Debug|x86
		{7B6FD22A-AEAC-4D53-BD9B-B102968E3ADD}.Release|x86.ActiveCfg = Release|x86
		{7B6FD22A-AEAC-4D53-BD9B-B102968E3ADD}.Release|x86.Build.0 = Release|x86
	EndGlobalSection
	GlobalSection(SolutionProperties) = preSolution
		HideSolutionNode = FALSE
	EndGlobalSection
EndGlobal
